
Microsoft Visual Studio Solution File, Format Version 12.00
# Visual Studio Version 17
VisualStudioVersion = 17.1.32210.238
MinimumVisualStudioVersion = 10.0.40219.1
Project("{9A19103F-16F7-4668-BE54-9A1E7A4F7556}") = "Library.API", "Library.API\Library.API.csproj", "{AB0CBA9F-9EDA-4001-8F9B-0BC468F565F9}"
EndProject
Project("{9A19103F-16F7-4668-BE54-9A1E7A4F7556}") = "Library.Core", "Library.Core\Library.Core.csproj", "{34525CF9-7A7F-438B-8339-CFF2F893F6A9}"
EndProject
Project("{9A19103F-16F7-4668-BE54-9A1E7A4F7556}") = "Library.Repository", "Library.Repository\Library.Repository.csproj", "{0A2D16FD-D508-493C-AD28-A1AB8805EB4D}"
EndProject
Project("{FAE04EC0-301F-11D3-BF4B-00C04F79EFBC}") = "Library.Service", "Library.Service\Library.Service.csproj", "{F8736D2F-DDD0-4D58-AB6E-0B0B476AEC17}"
EndProject
Global
	GlobalSection(SolutionConfigurationPlatforms) = preSolution
		Debug|Any CPU = Debug|Any CPU
		Release|Any CPU = Release|Any CPU
	EndGlobalSection
	GlobalSection(ProjectConfigurationPlatforms) = postSolution
		{AB0CBA9F-9EDA-4001-8F9B-0BC468F565F9}.Debug|Any CPU.ActiveCfg = Debug|Any CPU
		{AB0CBA9F-9EDA-4001-8F9B-0BC468F565F9}.Debug|Any CPU.Build.0 = Debug|Any CPU
		{AB0CBA9F-9EDA-4001-8F9B-0BC468F565F9}.Release|Any CPU.ActiveCfg = Release|Any CPU
		{AB0CBA9F-9EDA-4001-8F9B-0BC468F565F9}.Release|Any CPU.Build.0 = Release|Any CPU
		{34525CF9-7A7F-438B-8339-CFF2F893F6A9}.Debug|Any CPU.ActiveCfg = Debug|Any CPU
		{34525CF9-7A7F-438B-8339-CFF2F893F6A9}.Debug|Any CPU.Build.0 = Debug|Any CPU
		{34525CF9-7A7F-438B-8339-CFF2F893F6A9}.Release|Any CPU.ActiveCfg = Release|Any CPU
		{34525CF9-7A7F-438B-8339-CFF2F893F6A9}.Release|Any CPU.Build.0 = Release|Any CPU
		{0A2D16FD-D508-493C-AD28-A1AB8805EB4D}.Debug|Any CPU.ActiveCfg = Debug|Any CPU
		{0A2D16FD-D508-493C-AD28-A1AB8805EB4D}.Debug|Any CPU.Build.0 = Debug|Any CPU
		{0A2D16FD-D508-493C-AD28-A1AB8805EB4D}.Release|Any CPU.ActiveCfg = Release|Any CPU
		{0A2D16FD-D508-493C-AD28-A1AB8805EB4D}.Release|Any CPU.Build.0 = Release|Any CPU
		{F8736D2F-DDD0-4D58-AB6E-0B0B476AEC17}.Debug|Any CPU.ActiveCfg = Debug|Any CPU
		{F8736D2F-DDD0-4D58-AB6E-0B0B476AEC17}.Debug|Any CPU.Build.0 = Debug|Any CPU
		{F8736D2F-DDD0-4D58-AB6E-0B0B476AEC17}.Release|Any CPU.ActiveCfg = Release|Any CPU
		{F8736D2F-DDD0-4D58-AB6E-0B0B476AEC17}.Release|Any CPU.Build.0 = Release|Any CPU
	EndGlobalSection
	GlobalSection(SolutionProperties) = preSolution
		HideSolutionNode = FALSE
	EndGlobalSection
	GlobalSection(ExtensibilityGlobals) = postSolution
		SolutionGuid = {60E83AE1-5591-4F0A-A51F-BB14A7257EBC}
	EndGlobalSection
EndGlobal
